dependencies:
  espressif/eppp_link:
    component_hash: c2fd9c57ac14a68a62c9d9cdeec39a2b265abc16779196ce2c9f5000c9a4dd8b
    dependencies:
    - name: espressif/esp_serial_slave_link
      registry_url: https://components.espressif.com/
      require: private
      version: ^1.1.0
    - name: idf
      require: private
      version: '>=5.2'
    source:
      registry_url: https://components.espressif.com/
      type: service
    version: 0.2.0
  espressif/esp_serial_slave_link:
    component_hash: 8c534b7d4986ca0e4c41db71f559492b795ab862f1d15359d7993034696b7bcc
    dependencies:
    - name: idf
      require: private
      version: '>=5.0'
    source:
      registry_url: https://components.espressif.com/
      type: service
    version: 1.1.0
  idf:
    source:
      type: idf
    version: 5.3.0
direct_dependencies:
- espressif/eppp_link
- idf
manifest_hash: 1a4fb8443a824c5054c8d3c352ffffdf960ca6148f53fd92de13a58f44422708
target: esp32s3
version: 2.0.0
